
Microsoft Visual Studio Solution File, Format Version 12.00
# Visual Studio Version 17
VisualStudioVersion = 17.11.35327.3
MinimumVisualStudioVersion = 10.0.40219.1
Project("{9A19103F-16F7-4668-BE54-9A1E7A4F7556}") = "Fabric_Method", "Fabric_Method\Fabric_Method.csproj", "{D6B41740-E23C-4502-8C00-B39D8B29E87B}"
EndProject
Project("{9A19103F-16F7-4668-BE54-9A1E7A4F7556}") = "Abstract_Fabric", "Abstract_Fabric\Abstract_Fabric.csproj", "{C0736862-48A1-45D7-89BF-007C223AC922}"
EndProject
Project("{9A19103F-16F7-4668-BE54-9A1E7A4F7556}") = "Singleton", "Singleton\Singleton.csproj", "{E233976D-01D0-41D0-82D8-A5C6F62B0928}"
EndProject
Project("{9A19103F-16F7-4668-BE54-9A1E7A4F7556}") = "Prototype", "Prototype\Prototype.csproj", "{0468C113-8C86-4C32-AAEE-CD0430139619}"
EndProject
Project("{FAE04EC0-301F-11D3-BF4B-00C04F79EFBC}") = "Builder", "Builder\Builder.csproj", "{0DC235D3-7954-4CBA-9850-EB9F08883AAE}"
EndProject
Global
	GlobalSection(SolutionConfigurationPlatforms) = preSolution
		Debug|Any CPU = Debug|Any CPU
		Release|Any CPU = Release|Any CPU
	EndGlobalSection
	GlobalSection(ProjectConfigurationPlatforms) = postSolution
		{D6B41740-E23C-4502-8C00-B39D8B29E87B}.Debug|Any CPU.ActiveCfg = Debug|Any CPU
		{D6B41740-E23C-4502-8C00-B39D8B29E87B}.Debug|Any CPU.Build.0 = Debug|Any CPU
		{D6B41740-E23C-4502-8C00-B39D8B29E87B}.Release|Any CPU.ActiveCfg = Release|Any CPU
		{D6B41740-E23C-4502-8C00-B39D8B29E87B}.Release|Any CPU.Build.0 = Release|Any CPU
		{C0736862-48A1-45D7-89BF-007C223AC922}.Debug|Any CPU.ActiveCfg = Debug|Any CPU
		{C0736862-48A1-45D7-89BF-007C223AC922}.Debug|Any CPU.Build.0 = Debug|Any CPU
		{C0736862-48A1-45D7-89BF-007C223AC922}.Release|Any CPU.ActiveCfg = Release|Any CPU
		{C0736862-48A1-45D7-89BF-007C223AC922}.Release|Any CPU.Build.0 = Release|Any CPU
		{E233976D-01D0-41D0-82D8-A5C6F62B0928}.Debug|Any CPU.ActiveCfg = Debug|Any CPU
		{E233976D-01D0-41D0-82D8-A5C6F62B0928}.Debug|Any CPU.Build.0 = Debug|Any CPU
		{E233976D-01D0-41D0-82D8-A5C6F62B0928}.Release|Any CPU.ActiveCfg = Release|Any CPU
		{E233976D-01D0-41D0-82D8-A5C6F62B0928}.Release|Any CPU.Build.0 = Release|Any CPU
		{0468C113-8C86-4C32-AAEE-CD0430139619}.Debug|Any CPU.ActiveCfg = Debug|Any CPU
		{0468C113-8C86-4C32-AAEE-CD0430139619}.Debug|Any CPU.Build.0 = Debug|Any CPU
		{0468C113-8C86-4C32-AAEE-CD0430139619}.Release|Any CPU.ActiveCfg = Release|Any CPU
		{0468C113-8C86-4C32-AAEE-CD0430139619}.Release|Any CPU.Build.0 = Release|Any CPU
		{0DC235D3-7954-4CBA-9850-EB9F08883AAE}.Debug|Any CPU.ActiveCfg = Debug|Any CPU
		{0DC235D3-7954-4CBA-9850-EB9F08883AAE}.Debug|Any CPU.Build.0 = Debug|Any CPU
		{0DC235D3-7954-4CBA-9850-EB9F08883AAE}.Release|Any CPU.ActiveCfg = Release|Any CPU
		{0DC235D3-7954-4CBA-9850-EB9F08883AAE}.Release|Any CPU.Build.0 = Release|Any CPU
	EndGlobalSection
	GlobalSection(SolutionProperties) = preSolution
		HideSolutionNode = FALSE
	EndGlobalSection
	GlobalSection(ExtensibilityGlobals) = postSolution
		SolutionGuid = {856FECA8-6E36-42CA-A1B5-06FB0BF2B7D2}
	EndGlobalSection
EndGlobal
