
Microsoft Visual Studio Solution File, Format Version 12.00
# Visual Studio Version 17
VisualStudioVersion = 17.13.35828.75
MinimumVisualStudioVersion = 10.0.40219.1
Project("{FAE04EC0-301F-11D3-BF4B-00C04F79EFBC}") = "Adapter", "Adapter\Adapter.csproj", "{6FF120AD-6768-44FC-AAA7-063CF28C2CD1}"
EndProject
Project("{FAE04EC0-301F-11D3-BF4B-00C04F79EFBC}") = "Decorator", "Decorator\Decorator.csproj", "{A66DC56D-FCBB-4D6C-BF48-9CAB500E03E0}"
EndProject
Global
	GlobalSection(SolutionConfigurationPlatforms) = preSolution
		Debug|Any CPU = Debug|Any CPU
		Release|Any CPU = Release|Any CPU
	EndGlobalSection
	GlobalSection(ProjectConfigurationPlatforms) = postSolution
		{6FF120AD-6768-44FC-AAA7-063CF28C2CD1}.Debug|Any CPU.ActiveCfg = Debug|Any CPU
		{6FF120AD-6768-44FC-AAA7-063CF28C2CD1}.Debug|Any CPU.Build.0 = Debug|Any CPU
		{6FF120AD-6768-44FC-AAA7-063CF28C2CD1}.Release|Any CPU.ActiveCfg = Release|Any CPU
		{6FF120AD-6768-44FC-AAA7-063CF28C2CD1}.Release|Any CPU.Build.0 = Release|Any CPU
		{A66DC56D-FCBB-4D6C-BF48-9CAB500E03E0}.Debug|Any CPU.ActiveCfg = Debug|Any CPU
		{A66DC56D-FCBB-4D6C-BF48-9CAB500E03E0}.Debug|Any CPU.Build.0 = Debug|Any CPU
		{A66DC56D-FCBB-4D6C-BF48-9CAB500E03E0}.Release|Any CPU.ActiveCfg = Release|Any CPU
		{A66DC56D-FCBB-4D6C-BF48-9CAB500E03E0}.Release|Any CPU.Build.0 = Release|Any CPU
	EndGlobalSection
	GlobalSection(SolutionProperties) = preSolution
		HideSolutionNode = FALSE
	EndGlobalSection
	GlobalSection(ExtensibilityGlobals) = postSolution
		SolutionGuid = {5E4AACCE-BF11-4426-9F8B-3D6B66F3FE1B}
	EndGlobalSection
EndGlobal
